// !$*UTF8*$!
{
	archiveVersion = 1;
	classes = {
	};
	objectVersion = 56;
	objects = {

/* Begin PBXBuildFile section */
		CE5132B429A825FE0063DFFE /* AppDelegate.swift in Sources */ = {isa = PBXBuildFile; fileRef = CE5132B329A825FE0063DFFE /* AppDelegate.swift */; };
		CE5132B629A825FE0063DFFE /* SceneDelegate.swift in Sources */ = {isa = PBXBuildFile; fileRef = CE5132B529A825FE0063DFFE /* SceneDelegate.swift */; };
		CE5132B829A825FE0063DFFE /* MainViewController.swift in Sources */ = {isa = PBXBuildFile; fileRef = CE5132B729A825FE0063DFFE /* MainViewController.swift */; };
		CE5132BD29A826040063DFFE /* Assets.xcassets in Resources */ = {isa = PBXBuildFile; fileRef = CE5132BC29A826040063DFFE /* Assets.xcassets */; };
		CE5132C029A826040063DFFE /* LaunchScreen.storyboard in Resources */ = {isa = PBXBuildFile; fileRef = CE5132BE29A826040063DFFE /* LaunchScreen.storyboard */; };
		CE5132CB29A826040063DFFE /* recipesTests.swift in Sources */ = {isa = PBXBuildFile; fileRef = CE5132CA29A826040063DFFE /* recipesTests.swift */; };
		CE5132D529A826040063DFFE /* recipesUITests.swift in Sources */ = {isa = PBXBuildFile; fileRef = CE5132D429A826040063DFFE /* recipesUITests.swift */; };
		CE5132D729A826040063DFFE /* recipesUITestsLaunchTests.swift in Sources */ = {isa = PBXBuildFile; fileRef = CE5132D629A826040063DFFE /* recipesUITestsLaunchTests.swift */; };
		CE5132E529A82B000063DFFE /* View.swift in Sources */ = {isa = PBXBuildFile; fileRef = CE5132E429A82B000063DFFE /* View.swift */; };
		CE6CBE7729B35F9B0041657F /* ReceipeHeader.swift in Sources */ = {isa = PBXBuildFile; fileRef = CE6CBE7629B35F9B0041657F /* ReceipeHeader.swift */; };
		CE6CBE7929B3604F0041657F /* RecipeDetail.swift in Sources */ = {isa = PBXBuildFile; fileRef = CE6CBE7829B3604F0041657F /* RecipeDetail.swift */; };
		CE6CBE7B29B363DC0041657F /* RecipeHeaderViewModel.swift in Sources */ = {isa = PBXBuildFile; fileRef = CE6CBE7A29B363DC0041657F /* RecipeHeaderViewModel.swift */; };
		CE6CBE7E29B369650041657F /* RecipeService.swift in Sources */ = {isa = PBXBuildFile; fileRef = CE6CBE7D29B369650041657F /* RecipeService.swift */; };
		CE6CBE8129B49B1D0041657F /* Kingfisher in Frameworks */ = {isa = PBXBuildFile; productRef = CE6CBE8029B49B1D0041657F /* Kingfisher */; };
		CE6CBE8329B5483E0041657F /* MainTableViewCell.swift in Sources */ = {isa = PBXBuildFile; fileRef = CE6CBE8229B5483E0041657F /* MainTableViewCell.swift */; };
		CE6CBE8729B611C10041657F /* DetailViewController.swift in Sources */ = {isa = PBXBuildFile; fileRef = CE6CBE8629B611C10041657F /* DetailViewController.swift */; };
		CE6CBE8929B618380041657F /* ReceipeDetailViewModel.swift in Sources */ = {isa = PBXBuildFile; fileRef = CE6CBE8829B618380041657F /* ReceipeDetailViewModel.swift */; };
		CE6CBE8B29B7AE290041657F /* DetailCollectionViewCell.swift in Sources */ = {isa = PBXBuildFile; fileRef = CE6CBE8A29B7AE290041657F /* DetailCollectionViewCell.swift */; };
/* End PBXBuildFile section */

/* Begin PBXContainerItemProxy section */
		CE5132C729A826040063DFFE /* PBXContainerItemProxy */ = {
			isa = PBXContainerItemProxy;
			containerPortal = CE5132A829A825FE0063DFFE /* Project object */;
			proxyType = 1;
			remoteGlobalIDString = CE5132AF29A825FE0063DFFE;
			remoteInfo = recipes;
		};
		CE5132D129A826040063DFFE /* PBXContainerItemProxy */ = {
			isa = PBXContainerItemProxy;
			containerPortal = CE5132A829A825FE0063DFFE /* Project object */;
			proxyType = 1;
			remoteGlobalIDString = CE5132AF29A825FE0063DFFE;
			remoteInfo = recipes;
		};
/* End PBXContainerItemProxy section */

/* Begin PBXFileReference section */
		CE5132B029A825FE0063DFFE /* recipes.app */ = {isa = PBXFileReference; explicitFileType = wrapper.application; includeInIndex = 0; path = recipes.app; sourceTree = BUILT_PRODUCTS_DIR; };
		CE5132B329A825FE0063DFFE /* AppDelegate.swift */ = {isa = PBXFileReference; lastKnownFileType = sourcecode.swift; path = AppDelegate.swift; sourceTree = "<group>"; };
		CE5132B529A825FE0063DFFE /* SceneDelegate.swift */ = {isa = PBXFileReference; lastKnownFileType = sourcecode.swift; path = SceneDelegate.swift; sourceTree = "<group>"; };
		CE5132B729A825FE0063DFFE /* MainViewController.swift */ = {isa = PBXFileReference; lastKnownFileType = sourcecode.swift; path = MainViewController.swift; sourceTree = "<group>"; };
		CE5132BC29A826040063DFFE /* Assets.xcassets */ = {isa = PBXFileReference; lastKnownFileType = folder.assetcatalog; path = Assets.xcassets; sourceTree = "<group>"; };
		CE5132BF29A826040063DFFE /* Base */ = {isa = PBXFileReference; lastKnownFileType = file.storyboard; name = Base; path = Base.lproj/LaunchScreen.storyboard; sourceTree = "<group>"; };
		CE5132C129A826040063DFFE /* Info.plist */ = {isa = PBXFileReference; lastKnownFileType = text.plist.xml; path = Info.plist; sourceTree = "<group>"; };
		CE5132C629A826040063DFFE /* recipesTests.xctest */ = {isa = PBXFileReference; explicitFileType = wrapper.cfbundle; includeInIndex = 0; path = recipesTests.xctest; sourceTree = BUILT_PRODUCTS_DIR; };
		CE5132CA29A826040063DFFE /* recipesTests.swift */ = {isa = PBXFileReference; lastKnownFileType = sourcecode.swift; path = recipesTests.swift; sourceTree = "<group>"; };
		CE5132D029A826040063DFFE /* recipesUITests.xctest */ = {isa = PBXFileReference; explicitFileType = wrapper.cfbundle; includeInIndex = 0; path = recipesUITests.xctest; sourceTree = BUILT_PRODUCTS_DIR; };
		CE5132D429A826040063DFFE /* recipesUITests.swift */ = {isa = PBXFileReference; lastKnownFileType = sourcecode.swift; path = recipesUITests.swift; sourceTree = "<group>"; };
		CE5132D629A826040063DFFE /* recipesUITestsLaunchTests.swift */ = {isa = PBXFileReference; lastKnownFileType = sourcecode.swift; path = recipesUITestsLaunchTests.swift; sourceTree = "<group>"; };
		CE5132E429A82B000063DFFE /* View.swift */ = {isa = PBXFileReference; lastKnownFileType = sourcecode.swift; path = View.swift; sourceTree = "<group>"; };
		CE6CBE7629B35F9B0041657F /* ReceipeHeader.swift */ = {isa = PBXFileReference; lastKnownFileType = sourcecode.swift; path = ReceipeHeader.swift; sourceTree = "<group>"; };
		CE6CBE7829B3604F0041657F /* RecipeDetail.swift */ = {isa = PBXFileReference; lastKnownFileType = sourcecode.swift; path = RecipeDetail.swift; sourceTree = "<group>"; };
		CE6CBE7A29B363DC0041657F /* RecipeHeaderViewModel.swift */ = {isa = PBXFileReference; lastKnownFileType = sourcecode.swift; path = RecipeHeaderViewModel.swift; sourceTree = "<group>"; };
		CE6CBE7D29B369650041657F /* RecipeService.swift */ = {isa = PBXFileReference; lastKnownFileType = sourcecode.swift; path = RecipeService.swift; sourceTree = "<group>"; };
		CE6CBE8229B5483E0041657F /* MainTableViewCell.swift */ = {isa = PBXFileReference; lastKnownFileType = sourcecode.swift; path = MainTableViewCell.swift; sourceTree = "<group>"; };
		CE6CBE8629B611C10041657F /* DetailViewController.swift */ = {isa = PBXFileReference; lastKnownFileType = sourcecode.swift; path = DetailViewController.swift; sourceTree = "<group>"; };
		CE6CBE8829B618380041657F /* ReceipeDetailViewModel.swift */ = {isa = PBXFileReference; lastKnownFileType = sourcecode.swift; path = ReceipeDetailViewModel.swift; sourceTree = "<group>"; };
		CE6CBE8A29B7AE290041657F /* DetailCollectionViewCell.swift */ = {isa = PBXFileReference; lastKnownFileType = sourcecode.swift; path = DetailCollectionViewCell.swift; sourceTree = "<group>"; };
/* End PBXFileReference section */

/* Begin PBXFrameworksBuildPhase section */
		CE5132AD29A825FE0063DFFE /* Frameworks */ = {
			isa = PBXFrameworksBuildPhase;
			buildActionMask = 2147483647;
			files = (
				CE6CBE8129B49B1D0041657F /* Kingfisher in Frameworks */,
			);
			runOnlyForDeploymentPostprocessing = 0;
		};
		CE5132C329A826040063DFFE /* Frameworks */ = {
			isa = PBXFrameworksBuildPhase;
			buildActionMask = 2147483647;
			files = (
			);
			runOnlyForDeploymentPostprocessing = 0;
		};
		CE5132CD29A826040063DFFE /* Frameworks */ = {
			isa = PBXFrameworksBuildPhase;
			buildActionMask = 2147483647;
			files = (
			);
			runOnlyForDeploymentPostprocessing = 0;
		};
/* End PBXFrameworksBuildPhase section */

/* Begin PBXGroup section */
		CE5132A729A825FE0063DFFE = {
			isa = PBXGroup;
			children = (
				CE5132B229A825FE0063DFFE /* recipes */,
				CE5132C929A826040063DFFE /* recipesTests */,
				CE5132D329A826040063DFFE /* recipesUITests */,
				CE5132B129A825FE0063DFFE /* Products */,
			);
			sourceTree = "<group>";
		};
		CE5132B129A825FE0063DFFE /* Products */ = {
			isa = PBXGroup;
			children = (
				CE5132B029A825FE0063DFFE /* recipes.app */,
				CE5132C629A826040063DFFE /* recipesTests.xctest */,
				CE5132D029A826040063DFFE /* recipesUITests.xctest */,
			);
			name = Products;
			sourceTree = "<group>";
		};
		CE5132B229A825FE0063DFFE /* recipes */ = {
			isa = PBXGroup;
			children = (
				CE6CBE7C29B368A30041657F /* Network */,
				CE5132E829A82B550063DFFE /* Views */,
				CE5132E729A82B410063DFFE /* ViewModels */,
				CE5132E629A82B320063DFFE /* Models */,
				CE5132E329A82A960063DFFE /* Extensions */,
				CE5132B329A825FE0063DFFE /* AppDelegate.swift */,
				CE5132B529A825FE0063DFFE /* SceneDelegate.swift */,
				CE5132B729A825FE0063DFFE /* MainViewController.swift */,
				CE5132BC29A826040063DFFE /* Assets.xcassets */,
				CE5132BE29A826040063DFFE /* LaunchScreen.storyboard */,
				CE5132C129A826040063DFFE /* Info.plist */,
				CE6CBE8629B611C10041657F /* DetailViewController.swift */,
			);
			path = recipes;
			sourceTree = "<group>";
		};
		CE5132C929A826040063DFFE /* recipesTests */ = {
			isa = PBXGroup;
			children = (
				CE5132CA29A826040063DFFE /* recipesTests.swift */,
			);
			path = recipesTests;
			sourceTree = "<group>";
		};
		CE5132D329A826040063DFFE /* recipesUITests */ = {
			isa = PBXGroup;
			children = (
				CE5132D429A826040063DFFE /* recipesUITests.swift */,
				CE5132D629A826040063DFFE /* recipesUITestsLaunchTests.swift */,
			);
			path = recipesUITests;
			sourceTree = "<group>";
		};
		CE5132E329A82A960063DFFE /* Extensions */ = {
			isa = PBXGroup;
			children = (
				CE5132E429A82B000063DFFE /* View.swift */,
			);
			path = Extensions;
			sourceTree = "<group>";
		};
		CE5132E629A82B320063DFFE /* Models */ = {
			isa = PBXGroup;
			children = (
				CE6CBE7629B35F9B0041657F /* ReceipeHeader.swift */,
				CE6CBE7829B3604F0041657F /* RecipeDetail.swift */,
			);
			path = Models;
			sourceTree = "<group>";
		};
		CE5132E729A82B410063DFFE /* ViewModels */ = {
			isa = PBXGroup;
			children = (
				CE6CBE7A29B363DC0041657F /* RecipeHeaderViewModel.swift */,
				CE6CBE8829B618380041657F /* ReceipeDetailViewModel.swift */,
			);
			path = ViewModels;
			sourceTree = "<group>";
		};
		CE5132E829A82B550063DFFE /* Views */ = {
			isa = PBXGroup;
			children = (
				CE6CBE8229B5483E0041657F /* MainTableViewCell.swift */,
				CE6CBE8A29B7AE290041657F /* DetailCollectionViewCell.swift */,
			);
			path = Views;
			sourceTree = "<group>";
		};
		CE6CBE7C29B368A30041657F /* Network */ = {
			isa = PBXGroup;
			children = (
				CE6CBE7D29B369650041657F /* RecipeService.swift */,
			);
			path = Network;
			sourceTree = "<group>";
		};
/* End PBXGroup section */

/* Begin PBXNativeTarget section */
		CE5132AF29A825FE0063DFFE /* recipes */ = {
			isa = PBXNativeTarget;
			buildConfigurationList = CE5132DA29A826040063DFFE /* Build configuration list for PBXNativeTarget "recipes" */;
			buildPhases = (
				CE5132AC29A825FE0063DFFE /* Sources */,
				CE5132AD29A825FE0063DFFE /* Frameworks */,
				CE5132AE29A825FE0063DFFE /* Resources */,
			);
			buildRules = (
			);
			dependencies = (
			);
			name = recipes;
			packageProductDependencies = (
				CE6CBE8029B49B1D0041657F /* Kingfisher */,
			);
			productName = recipes;
			productReference = CE5132B029A825FE0063DFFE /* recipes.app */;
			productType = "com.apple.product-type.application";
		};
		CE5132C529A826040063DFFE /* recipesTests */ = {
			isa = PBXNativeTarget;
			buildConfigurationList = CE5132DD29A826040063DFFE /* Build configuration list for PBXNativeTarget "recipesTests" */;
			buildPhases = (
				CE5132C229A826040063DFFE /* Sources */,
				CE5132C329A826040063DFFE /* Frameworks */,
				CE5132C429A826040063DFFE /* Resources */,
			);
			buildRules = (
			);
			dependencies = (
				CE5132C829A826040063DFFE /* PBXTargetDependency */,
			);
			name = recipesTests;
			productName = recipesTests;
			productReference = CE5132C629A826040063DFFE /* recipesTests.xctest */;
			productType = "com.apple.product-type.bundle.unit-test";
		};
		CE5132CF29A826040063DFFE /* recipesUITests */ = {
			isa = PBXNativeTarget;
			buildConfigurationList = CE5132E029A826040063DFFE /* Build configuration list for PBXNativeTarget "recipesUITests" */;
			buildPhases = (
				CE5132CC29A826040063DFFE /* Sources */,
				CE5132CD29A826040063DFFE /* Frameworks */,
				CE5132CE29A826040063DFFE /* Resources */,
			);
			buildRules = (
			);
			dependencies = (
				CE5132D229A826040063DFFE /* PBXTargetDependency */,
			);
			name = recipesUITests;
			productName = recipesUITests;
			productReference = CE5132D029A826040063DFFE /* recipesUITests.xctest */;
			productType = "com.apple.product-type.bundle.ui-testing";
		};
/* End PBXNativeTarget section */

/* Begin PBXProject section */
		CE5132A829A825FE0063DFFE /* Project object */ = {
			isa = PBXProject;
			attributes = {
				BuildIndependentTargetsInParallel = 1;
				LastSwiftUpdateCheck = 1420;
				LastUpgradeCheck = 1420;
				TargetAttributes = {
					CE5132AF29A825FE0063DFFE = {
						CreatedOnToolsVersion = 14.2;
					};
					CE5132C529A826040063DFFE = {
						CreatedOnToolsVersion = 14.2;
						TestTargetID = CE5132AF29A825FE0063DFFE;
					};
					CE5132CF29A826040063DFFE = {
						CreatedOnToolsVersion = 14.2;
						TestTargetID = CE5132AF29A825FE0063DFFE;
					};
				};
			};
			buildConfigurationList = CE5132AB29A825FE0063DFFE /* Build configuration list for PBXProject "recipes" */;
			compatibilityVersion = "Xcode 14.0";
			developmentRegion = en;
			hasScannedForEncodings = 0;
			knownRegions = (
				en,
				Base,
			);
			mainGroup = CE5132A729A825FE0063DFFE;
			packageReferences = (
				CE6CBE7F29B49B1D0041657F /* XCRemoteSwiftPackageReference "Kingfisher" */,
			);
			productRefGroup = CE5132B129A825FE0063DFFE /* Products */;
			projectDirPath = "";
			projectRoot = "";
			targets = (
				CE5132AF29A825FE0063DFFE /* recipes */,
				CE5132C529A826040063DFFE /* recipesTests */,
				CE5132CF29A826040063DFFE /* recipesUITests */,
			);
		};
/* End PBXProject section */

/* Begin PBXResourcesBuildPhase section */
		CE5132AE29A825FE0063DFFE /* Resources */ = {
			isa = PBXResourcesBuildPhase;
			buildActionMask = 2147483647;
			files = (
				CE5132C029A826040063DFFE /* LaunchScreen.storyboard in Resources */,
				CE5132BD29A826040063DFFE /* Assets.xcassets in Resources */,
			);
			runOnlyForDeploymentPostprocessing = 0;
		};
		CE5132C429A826040063DFFE /* Resources */ = {
			isa = PBXResourcesBuildPhase;
			buildActionMask = 2147483647;
			files = (
			);
			runOnlyForDeploymentPostprocessing = 0;
		};
		CE5132CE29A826040063DFFE /* Resources */ = {
			isa = PBXResourcesBuildPhase;
			buildActionMask = 2147483647;
			files = (
			);
			runOnlyForDeploymentPostprocessing = 0;
		};
/* End PBXResourcesBuildPhase section */

/* Begin PBXSourcesBuildPhase section */
		CE5132AC29A825FE0063DFFE /* Sources */ = {
			isa = PBXSourcesBuildPhase;
			buildActionMask = 2147483647;
			files = (
				CE6CBE8729B611C10041657F /* DetailViewController.swift in Sources */,
				CE6CBE8B29B7AE290041657F /* DetailCollectionViewCell.swift in Sources */,
				CE5132E529A82B000063DFFE /* View.swift in Sources */,
				CE6CBE7929B3604F0041657F /* RecipeDetail.swift in Sources */,
				CE6CBE8929B618380041657F /* ReceipeDetailViewModel.swift in Sources */,
				CE5132B829A825FE0063DFFE /* MainViewController.swift in Sources */,
				CE5132B429A825FE0063DFFE /* AppDelegate.swift in Sources */,
				CE6CBE8329B5483E0041657F /* MainTableViewCell.swift in Sources */,
				CE6CBE7E29B369650041657F /* RecipeService.swift in Sources */,
				CE6CBE7B29B363DC0041657F /* RecipeHeaderViewModel.swift in Sources */,
				CE6CBE7729B35F9B0041657F /* ReceipeHeader.swift in Sources */,
				CE5132B629A825FE0063DFFE /* SceneDelegate.swift in Sources */,
			);
			runOnlyForDeploymentPostprocessing = 0;
		};
		CE5132C229A826040063DFFE /* Sources */ = {
			isa = PBXSourcesBuildPhase;
			buildActionMask = 2147483647;
			files = (
				CE5132CB29A826040063DFFE /* recipesTests.swift in Sources */,
			);
			runOnlyForDeploymentPostprocessing = 0;
		};
		CE5132CC29A826040063DFFE /* Sources */ = {
			isa = PBXSourcesBuildPhase;
			buildActionMask = 2147483647;
			files = (
				CE5132D729A826040063DFFE /* recipesUITestsLaunchTests.swift in Sources */,
				CE5132D529A826040063DFFE /* recipesUITests.swift in Sources */,
			);
			runOnlyForDeploymentPostprocessing = 0;
		};
/* End PBXSourcesBuildPhase section */

/* Begin PBXTargetDependency section */
		CE5132C829A826040063DFFE /* PBXTargetDependency */ = {
			isa = PBXTargetDependency;
			target = CE5132AF29A825FE0063DFFE /* recipes */;
			targetProxy = CE5132C729A826040063DFFE /* PBXContainerItemProxy */;
		};
		CE5132D229A826040063DFFE /* PBXTargetDependency */ = {
			isa = PBXTargetDependency;
			target = CE5132AF29A825FE0063DFFE /* recipes */;
			targetProxy = CE5132D129A826040063DFFE /* PBXContainerItemProxy */;
		};
/* End PBXTargetDependency section */

/* Begin PBXVariantGroup section */
		CE5132BE29A826040063DFFE /* LaunchScreen.storyboard */ = {
			isa = PBXVariantGroup;
			children = (
				CE5132BF29A826040063DFFE /* Base */,
			);
			name = LaunchScreen.storyboard;
			sourceTree = "<group>";
		};
/* End PBXVariantGroup section */

/* Begin XCBuildConfiguration section */
		CE5132D829A826040063DFFE /* Debug */ = {
			isa = XCBuildConfiguration;
			buildSettings = {
				ALWAYS_SEARCH_USER_PATHS = NO;
				CLANG_ANALYZER_NONNULL = YES;
				CLANG_ANALYZER_NUMBER_OBJECT_CONVERSION = YES_AGGRESSIVE;
				CLANG_CXX_LANGUAGE_STANDARD = "gnu++20";
				CLANG_ENABLE_MODULES = YES;
				CLANG_ENABLE_OBJC_ARC = YES;
				CLANG_ENABLE_OBJC_WEAK = YES;
				CLANG_WARN_BLOCK_CAPTURE_AUTORELEASING = YES;
				CLANG_WARN_BOOL_CONVERSION = YES;
				CLANG_WARN_COMMA = YES;
				CLANG_WARN_CONSTANT_CONVERSION = YES;
				CLANG_WARN_DEPRECATED_OBJC_IMPLEMENTATIONS = YES;
				CLANG_WARN_DIRECT_OBJC_ISA_USAGE = YES_ERROR;
				CLANG_WARN_DOCUMENTATION_COMMENTS = YES;
				CLANG_WARN_EMPTY_BODY = YES;
				CLANG_WARN_ENUM_CONVERSION = YES;
				CLANG_WARN_INFINITE_RECURSION = YES;
				CLANG_WARN_INT_CONVERSION = YES;
				CLANG_WARN_NON_LITERAL_NULL_CONVERSION = YES;
				CLANG_WARN_OBJC_IMPLICIT_RETAIN_SELF = YES;
				CLANG_WARN_OBJC_LITERAL_CONVERSION = YES;
				CLANG_WARN_OBJC_ROOT_CLASS = YES_ERROR;
				CLANG_WARN_QUOTED_INCLUDE_IN_FRAMEWORK_HEADER = YES;
				CLANG_WARN_RANGE_LOOP_ANALYSIS = YES;
				CLANG_WARN_STRICT_PROTOTYPES = YES;
				CLANG_WARN_SUSPICIOUS_MOVE = YES;
				CLANG_WARN_UNGUARDED_AVAILABILITY = YES_AGGRESSIVE;
				CLANG_WARN_UNREACHABLE_CODE = YES;
				CLANG_WARN__DUPLICATE_METHOD_MATCH = YES;
				COPY_PHASE_STRIP = NO;
				DEBUG_INFORMATION_FORMAT = dwarf;
				ENABLE_STRICT_OBJC_MSGSEND = YES;
				ENABLE_TESTABILITY = YES;
				GCC_C_LANGUAGE_STANDARD = gnu11;
				GCC_DYNAMIC_NO_PIC = NO;
				GCC_NO_COMMON_BLOCKS = YES;
				GCC_OPTIMIZATION_LEVEL = 0;
				GCC_PREPROCESSOR_DEFINITIONS = (
					"DEBUG=1",
					"$(inherited)",
				);
				GCC_WARN_64_TO_32_BIT_CONVERSION = YES;
				GCC_WARN_ABOUT_RETURN_TYPE = YES_ERROR;
				GCC_WARN_UNDECLARED_SELECTOR = YES;
				GCC_WARN_UNINITIALIZED_AUTOS = YES_AGGRESSIVE;
				GCC_WARN_UNUSED_FUNCTION = YES;
				GCC_WARN_UNUSED_VARIABLE = YES;
				IPHONEOS_DEPLOYMENT_TARGET = 16.2;
				MTL_ENABLE_DEBUG_INFO = INCLUDE_SOURCE;
				MTL_FAST_MATH = YES;
				ONLY_ACTIVE_ARCH = YES;
				SDKROOT = iphoneos;
				SWIFT_ACTIVE_COMPILATION_CONDITIONS = DEBUG;
				SWIFT_OPTIMIZATION_LEVEL = "-Onone";
			};
			name = Debug;
		};
		CE5132D929A826040063DFFE /* Release */ = {
			isa = XCBuildConfiguration;
			buildSettings = {
				ALWAYS_SEARCH_USER_PATHS = NO;
				CLANG_ANALYZER_NONNULL = YES;
				CLANG_ANALYZER_NUMBER_OBJECT_CONVERSION = YES_AGGRESSIVE;
				CLANG_CXX_LANGUAGE_STANDARD = "gnu++20";
				CLANG_ENABLE_MODULES = YES;
				CLANG_ENABLE_OBJC_ARC = YES;
				CLANG_ENABLE_OBJC_WEAK = YES;
				CLANG_WARN_BLOCK_CAPTURE_AUTORELEASING = YES;
				CLANG_WARN_BOOL_CONVERSION = YES;
				CLANG_WARN_COMMA = YES;
				CLANG_WARN_CONSTANT_CONVERSION = YES;
				CLANG_WARN_DEPRECATED_OBJC_IMPLEMENTATIONS = YES;
				CLANG_WARN_DIRECT_OBJC_ISA_USAGE = YES_ERROR;
				CLANG_WARN_DOCUMENTATION_COMMENTS = YES;
				CLANG_WARN_EMPTY_BODY = YES;
				CLANG_WARN_ENUM_CONVERSION = YES;
				CLANG_WARN_INFINITE_RECURSION = YES;
				CLANG_WARN_INT_CONVERSION = YES;
				CLANG_WARN_NON_LITERAL_NULL_CONVERSION = YES;
				CLANG_WARN_OBJC_IMPLICIT_RETAIN_SELF = YES;
				CLANG_WARN_OBJC_LITERAL_CONVERSION = YES;
				CLANG_WARN_OBJC_ROOT_CLASS = YES_ERROR;
				CLANG_WARN_QUOTED_INCLUDE_IN_FRAMEWORK_HEADER = YES;
				CLANG_WARN_RANGE_LOOP_ANALYSIS = YES;
				CLANG_WARN_STRICT_PROTOTYPES = YES;
				CLANG_WARN_SUSPICIOUS_MOVE = YES;
				CLANG_WARN_UNGUARDED_AVAILABILITY = YES_AGGRESSIVE;
				CLANG_WARN_UNREACHABLE_CODE = YES;
				CLANG_WARN__DUPLICATE_METHOD_MATCH = YES;
				COPY_PHASE_STRIP = NO;
				DEBUG_INFORMATION_FORMAT = "dwarf-with-dsym";
				ENABLE_NS_ASSERTIONS = NO;
				ENABLE_STRICT_OBJC_MSGSEND = YES;
				GCC_C_LANGUAGE_STANDARD = gnu11;
				GCC_NO_COMMON_BLOCKS = YES;
				GCC_WARN_64_TO_32_BIT_CONVERSION = YES;
				GCC_WARN_ABOUT_RETURN_TYPE = YES_ERROR;
				GCC_WARN_UNDECLARED_SELECTOR = YES;
				GCC_WARN_UNINITIALIZED_AUTOS = YES_AGGRESSIVE;
				GCC_WARN_UNUSED_FUNCTION = YES;
				GCC_WARN_UNUSED_VARIABLE = YES;
				IPHONEOS_DEPLOYMENT_TARGET = 16.2;
				MTL_ENABLE_DEBUG_INFO = NO;
				MTL_FAST_MATH = YES;
				SDKROOT = iphoneos;
				SWIFT_COMPILATION_MODE = wholemodule;
				SWIFT_OPTIMIZATION_LEVEL = "-O";
				VALIDATE_PRODUCT = YES;
			};
			name = Release;
		};
		CE5132DB29A826040063DFFE /* Debug */ = {
			isa = XCBuildConfiguration;
			buildSettings = {
				ASSETCATALOG_COMPILER_APPICON_NAME = AppIcon;
				ASSETCATALOG_COMPILER_GLOBAL_ACCENT_COLOR_NAME = AccentColor;
				CODE_SIGN_STYLE = Automatic;
				CURRENT_PROJECT_VERSION = 1;
				DEVELOPMENT_TEAM = Y8JUUV8U24;
				GENERATE_INFOPLIST_FILE = YES;
				INFOPLIST_FILE = recipes/Info.plist;
				INFOPLIST_KEY_UIApplicationSupportsIndirectInputEvents = YES;
				INFOPLIST_KEY_UILaunchStoryboardName = LaunchScreen;
				INFOPLIST_KEY_UIMainStoryboardFile = "";
				INFOPLIST_KEY_UISupportedInterfaceOrientations_iPad = "UIInterfaceOrientationPortrait UIInterfaceOrientationPortraitUpsideDown UIInterfaceOrientationLandscapeLeft UIInterfaceOrientationLandscapeRight";
				INFOPLIST_KEY_UISupportedInterfaceOrientations_iPhone = "UIInterfaceOrientationPortrait UIInterfaceOrientationLandscapeLeft UIInterfaceOrientationLandscapeRight";
				LD_RUNPATH_SEARCH_PATHS = (
					"$(inherited)",
					"@executable_path/Frameworks",
				);
				MARKETING_VERSION = 1.0;
				PRODUCT_BUNDLE_IDENTIFIER = com.chance.recipes;
				PRODUCT_NAME = "$(TARGET_NAME)";
				SWIFT_EMIT_LOC_STRINGS = YES;
				SWIFT_VERSION = 5.0;
				TARGETED_DEVICE_FAMILY = "1,2";
			};
			name = Debug;
		};
		CE5132DC29A826040063DFFE /* Release */ = {
			isa = XCBuildConfiguration;
			buildSettings = {
				ASSETCATALOG_COMPILER_APPICON_NAME = AppIcon;
				ASSETCATALOG_COMPILER_GLOBAL_ACCENT_COLOR_NAME = AccentColor;
				CODE_SIGN_STYLE = Automatic;
				CURRENT_PROJECT_VERSION = 1;
				DEVELOPMENT_TEAM = Y8JUUV8U24;
				GENERATE_INFOPLIST_FILE = YES;
				INFOPLIST_FILE = recipes/Info.plist;
				INFOPLIST_KEY_UIApplicationSupportsIndirectInputEvents = YES;
				INFOPLIST_KEY_UILaunchStoryboardName = LaunchScreen;
				INFOPLIST_KEY_UIMainStoryboardFile = "";
				INFOPLIST_KEY_UISupportedInterfaceOrientations_iPad = "UIInterfaceOrientationPortrait UIInterfaceOrientationPortraitUpsideDown UIInterfaceOrientationLandscapeLeft UIInterfaceOrientationLandscapeRight";
				INFOPLIST_KEY_UISupportedInterfaceOrientations_iPhone = "UIInterfaceOrientationPortrait UIInterfaceOrientationLandscapeLeft UIInterfaceOrientationLandscapeRight";
				LD_RUNPATH_SEARCH_PATHS = (
					"$(inherited)",
					"@executable_path/Frameworks",
				);
				MARKETING_VERSION = 1.0;
				PRODUCT_BUNDLE_IDENTIFIER = com.chance.recipes;
				PRODUCT_NAME = "$(TARGET_NAME)";
				SWIFT_EMIT_LOC_STRINGS = YES;
				SWIFT_VERSION = 5.0;
				TARGETED_DEVICE_FAMILY = "1,2";
			};
			name = Release;
		};
		CE5132DE29A826040063DFFE /* Debug */ = {
			isa = XCBuildConfiguration;
			buildSettings = {
				ALWAYS_EMBED_SWIFT_STANDARD_LIBRARIES = YES;
				BUNDLE_LOADER = "$(TEST_HOST)";
				CODE_SIGN_STYLE = Automatic;
				CURRENT_PROJECT_VERSION = 1;
				DEVELOPMENT_TEAM = Y8JUUV8U24;
				GENERATE_INFOPLIST_FILE = YES;
				IPHONEOS_DEPLOYMENT_TARGET = 16.2;
				MARKETING_VERSION = 1.0;
				PRODUCT_BUNDLE_IDENTIFIER = com.chance.recipesTests;
				PRODUCT_NAME = "$(TARGET_NAME)";
				SWIFT_EMIT_LOC_STRINGS = NO;
				SWIFT_VERSION = 5.0;
				TARGETED_DEVICE_FAMILY = "1,2";
				TEST_HOST = "$(BUILT_PRODUCTS_DIR)/recipes.app/$(BUNDLE_EXECUTABLE_FOLDER_PATH)/recipes";
			};
			name = Debug;
		};
		CE5132DF29A826040063DFFE /* Release */ = {
			isa = XCBuildConfiguration;
			buildSettings = {
				ALWAYS_EMBED_SWIFT_STANDARD_LIBRARIES = YES;
				BUNDLE_LOADER = "$(TEST_HOST)";
				CODE_SIGN_STYLE = Automatic;
				CURRENT_PROJECT_VERSION = 1;
				DEVELOPMENT_TEAM = Y8JUUV8U24;
				GENERATE_INFOPLIST_FILE = YES;
				IPHONEOS_DEPLOYMENT_TARGET = 16.2;
				MARKETING_VERSION = 1.0;
				PRODUCT_BUNDLE_IDENTIFIER = com.chance.recipesTests;
				PRODUCT_NAME = "$(TARGET_NAME)";
				SWIFT_EMIT_LOC_STRINGS = NO;
				SWIFT_VERSION = 5.0;
				TARGETED_DEVICE_FAMILY = "1,2";
				TEST_HOST = "$(BUILT_PRODUCTS_DIR)/recipes.app/$(BUNDLE_EXECUTABLE_FOLDER_PATH)/recipes";
			};
			name = Release;
		};
		CE5132E129A826040063DFFE /* Debug */ = {
			isa = XCBuildConfiguration;
			buildSettings = {
				ALWAYS_EMBED_SWIFT_STANDARD_LIBRARIES = YES;
				CODE_SIGN_STYLE = Automatic;
				CURRENT_PROJECT_VERSION = 1;
				DEVELOPMENT_TEAM = Y8JUUV8U24;
				GENERATE_INFOPLIST_FILE = YES;
				MARKETING_VERSION = 1.0;
				PRODUCT_BUNDLE_IDENTIFIER = com.chance.recipesUITests;
				PRODUCT_NAME = "$(TARGET_NAME)";
				SWIFT_EMIT_LOC_STRINGS = NO;
				SWIFT_VERSION = 5.0;
				TARGETED_DEVICE_FAMILY = "1,2";
				TEST_TARGET_NAME = recipes;
			};
			name = Debug;
		};
		CE5132E229A826040063DFFE /* Release */ = {
			isa = XCBuildConfiguration;
			buildSettings = {
				ALWAYS_EMBED_SWIFT_STANDARD_LIBRARIES = YES;
				CODE_SIGN_STYLE = Automatic;
				CURRENT_PROJECT_VERSION = 1;
				DEVELOPMENT_TEAM = Y8JUUV8U24;
				GENERATE_INFOPLIST_FILE = YES;
				MARKETING_VERSION = 1.0;
				PRODUCT_BUNDLE_IDENTIFIER = com.chance.recipesUITests;
				PRODUCT_NAME = "$(TARGET_NAME)";
				SWIFT_EMIT_LOC_STRINGS = NO;
				SWIFT_VERSION = 5.0;
				TARGETED_DEVICE_FAMILY = "1,2";
				TEST_TARGET_NAME = recipes;
			};
			name = Release;
		};
/* End XCBuildConfiguration section */

/* Begin XCConfigurationList section */
		CE5132AB29A825FE0063DFFE /* Build configuration list for PBXProject "recipes" */ = {
			isa = XCConfigurationList;
			buildConfigurations = (
				CE5132D829A826040063DFFE /* Debug */,
				CE5132D929A826040063DFFE /* Release */,
			);
			defaultConfigurationIsVisible = 0;
			defaultConfigurationName = Release;
		};
		CE5132DA29A826040063DFFE /* Build configuration list for PBXNativeTarget "recipes" */ = {
			isa = XCConfigurationList;
			buildConfigurations = (
				CE5132DB29A826040063DFFE /* Debug */,
				CE5132DC29A826040063DFFE /* Release */,
			);
			defaultConfigurationIsVisible = 0;
			defaultConfigurationName = Release;
		};
		CE5132DD29A826040063DFFE /* Build configuration list for PBXNativeTarget "recipesTests" */ = {
			isa = XCConfigurationList;
			buildConfigurations = (
				CE5132DE29A826040063DFFE /* Debug */,
				CE5132DF29A826040063DFFE /* Release */,
			);
			defaultConfigurationIsVisible = 0;
			defaultConfigurationName = Release;
		};
		CE5132E029A826040063DFFE /* Build configuration list for PBXNativeTarget "recipesUITests" */ = {
			isa = XCConfigurationList;
			buildConfigurations = (
				CE5132E129A826040063DFFE /* Debug */,
				CE5132E229A826040063DFFE /* Release */,
			);
			defaultConfigurationIsVisible = 0;
			defaultConfigurationName = Release;
		};
/* End XCConfigurationList section */

/* Begin XCRemoteSwiftPackageReference section */
		CE6CBE7F29B49B1D0041657F /* XCRemoteSwiftPackageReference "Kingfisher" */ = {
			isa = XCRemoteSwiftPackageReference;
			repositoryURL = "https://github.com/onevcat/Kingfisher.git";
			requirement = {
				kind = upToNextMajorVersion;
				minimumVersion = 7.0.0;
			};
		};
/* End XCRemoteSwiftPackageReference section */

/* Begin XCSwiftPackageProductDependency section */
		CE6CBE8029B49B1D0041657F /* Kingfisher */ = {
			isa = XCSwiftPackageProductDependency;
			package = CE6CBE7F29B49B1D0041657F /* XCRemoteSwiftPackageReference "Kingfisher" */;
			productName = Kingfisher;
		};
/* End XCSwiftPackageProductDependency section */
	};
	rootObject = CE5132A829A825FE0063DFFE /* Project object */;
}
